
Microsoft Visual Studio Solution File, Format Version 12.00
# Visual Studio Version 17
VisualStudioVersion = 17.6.33815.320
MinimumVisualStudioVersion = 10.0.40219.1
Project("{FAE04EC0-301F-11D3-BF4B-00C04F79EFBC}") = "ConApp_Text_File_project2", "ConApp_Text_File_project2\ConApp_Text_File_project2.csproj", "{E4A5DA0F-BD9F-4114-B634-3207A49DB73A}"
EndProject
Global
	GlobalSection(SolutionConfigurationPlatforms) = preSolution
		Debug|Any CPU = Debug|Any CPU
		Release|Any CPU = Release|Any CPU
	EndGlobalSection
	GlobalSection(ProjectConfigurationPlatforms) = postSolution
		{E4A5DA0F-BD9F-4114-B634-3207A49DB73A}.Debug|Any CPU.ActiveCfg = Debug|Any CPU
		{E4A5DA0F-BD9F-4114-B634-3207A49DB73A}.Debug|Any CPU.Build.0 = Debug|Any CPU
		{E4A5DA0F-BD9F-4114-B634-3207A49DB73A}.Release|Any CPU.ActiveCfg = Release|Any CPU
		{E4A5DA0F-BD9F-4114-B634-3207A49DB73A}.Release|Any CPU.Build.0 = Release|Any CPU
	EndGlobalSection
	GlobalSection(SolutionProperties) = preSolution
		HideSolutionNode = FALSE
	EndGlobalSection
	GlobalSection(ExtensibilityGlobals) = postSolution
		SolutionGuid = {538E7A2B-1A71-4453-AD56-28A38CE693ED}
	EndGlobalSection
EndGlobal
